{
  "name": "js-toolkit-apollo156",
  "version": "1.0.0",
  "lockfileVersion": 3,
  "requires": true,
  "packages": {
    "": {
      "name": "js-toolkit-apollo156",
      "version": "1.0.0",
      "license": "MIT",
      "dependencies": {
        "did-authenticator": "^1.0.0",
        "simple-did-resolver": "^1.0.1"
      }
    },
    "node_modules/did-authenticator": {
      "version": "1.0.0",
      "resolved": "https://registry.npmjs.org/did-authenticator/-/did-authenticator-1.0.0.tgz",
      "integrity": "sha512-VANb9OiDQNzDv4/UePqQ3eh5OSahE4t+jVwouzZWiHTqB4p/hPFaHWVwXOkWag6ChBgcN/Va6Lb879XCjaqfxQ==",
      "dependencies": {
        "simple-did-resolver": "^1.0.0"
      }
    },
    "node_modules/simple-did-resolver": {
      "version": "1.0.1",
      "resolved": "https://registry.npmjs.org/simple-did-resolver/-/simple-did-resolver-1.0.1.tgz",
      "integrity": "sha512-7INlb8AKeGfcYo5McE4kg8z5WyNpJmT6ZLdaNIBkvWwRz1k8i962txDNSq4WpKQj2QC0Wu47UlG/+jARtf/R7A=="
    }
  }
}
